// !$*UTF8*$!
{
	archiveVersion = 1;
	classes = {
	};
	objectVersion = 56;
	objects = {

/* Begin PBXBuildFile section */
		7F337E342B1C756F0089ACAF /* main.swift in Sources */ = {isa = PBXBuildFile; fileRef = 7F337E332B1C756F0089ACAF /* main.swift */; };
		7F337E442B1DB3020089ACAF /* n의배수.swift in Sources */ = {isa = PBXBuildFile; fileRef = 7F337E432B1DB3020089ACAF /* n의배수.swift */; };
		7F337E462B1DB71D0089ACAF /* flag에따라다른값반환하기.swift in Sources */ = {isa = PBXBuildFile; fileRef = 7F337E452B1DB71D0089ACAF /* flag에따라다른값반환하기.swift */; };
		7F337E482B1F6C050089ACAF /* 공배수.swift in Sources */ = {isa = PBXBuildFile; fileRef = 7F337E472B1F6C050089ACAF /* 공배수.swift */; };
		7F337E4B2B1F6E460089ACAF /* 마지막두원소.swift in Sources */ = {isa = PBXBuildFile; fileRef = 7F337E4A2B1F6E460089ACAF /* 마지막두원소.swift */; };
		7F337E4D2B20C0E20089ACAF /* n번째원소까지.swift in Sources */ = {isa = PBXBuildFile; fileRef = 7F337E4C2B20C0E20089ACAF /* n번째원소까지.swift */; };
		7F337E4F2B21CDAD0089ACAF /* 배열만들기1.swift in Sources */ = {isa = PBXBuildFile; fileRef = 7F337E4E2B21CDAD0089ACAF /* 배열만들기1.swift */; };
		7F337E512B2364520089ACAF /* 문자열이몇번등장하는지세기.swift in Sources */ = {isa = PBXBuildFile; fileRef = 7F337E502B2364520089ACAF /* 문자열이몇번등장하는지세기.swift */; };
		7F337E532B24B4750089ACAF /* 등차수열의특정한항만더하기.swift in Sources */ = {isa = PBXBuildFile; fileRef = 7F337E522B24B4750089ACAF /* 등차수열의특정한항만더하기.swift */; };
		7F337E552B25FB240089ACAF /* 특별한이차원배열1.swift in Sources */ = {isa = PBXBuildFile; fileRef = 7F337E542B25FB240089ACAF /* 특별한이차원배열1.swift */; };
		7F337E572B28AB460089ACAF /* 문자열반복해서출력하기.swift in Sources */ = {isa = PBXBuildFile; fileRef = 7F337E562B28AB460089ACAF /* 문자열반복해서출력하기.swift */; };
		7F337E592B29FB7F0089ACAF /* 수열과구간쿼리4.swift in Sources */ = {isa = PBXBuildFile; fileRef = 7F337E582B29FB7F0089ACAF /* 수열과구간쿼리4.swift */; };
		7F337E5B2B2B3ED40089ACAF /* 코드처리하기.swift in Sources */ = {isa = PBXBuildFile; fileRef = 7F337E5A2B2B3ED40089ACAF /* 코드처리하기.swift */; };
		7F337E5D2B2C8E250089ACAF /* qrcode.swift in Sources */ = {isa = PBXBuildFile; fileRef = 7F337E5C2B2C8E250089ACAF /* qrcode.swift */; };
		7F337E5F2B2DF15A0089ACAF /* 문자개수세기.swift in Sources */ = {isa = PBXBuildFile; fileRef = 7F337E5E2B2DF15A0089ACAF /* 문자개수세기.swift */; };
		7F337E612B2F41460089ACAF /* 배열만들기4.swift in Sources */ = {isa = PBXBuildFile; fileRef = 7F337E602B2F41460089ACAF /* 배열만들기4.swift */; };
		7F337E632B3093860089ACAF /* 조건문자열.swift in Sources */ = {isa = PBXBuildFile; fileRef = 7F337E622B3093860089ACAF /* 조건문자열.swift */; };
		7F337E652B31E31E0089ACAF /* 배열만들기2.swift in Sources */ = {isa = PBXBuildFile; fileRef = 7F337E642B31E31E0089ACAF /* 배열만들기2.swift */; };
		7F337E672B3330B60089ACAF /* 그림확대.swift in Sources */ = {isa = PBXBuildFile; fileRef = 7F337E662B3330B60089ACAF /* 그림확대.swift */; };
		7F337E692B3489680089ACAF /* 배열만들기6.swift in Sources */ = {isa = PBXBuildFile; fileRef = 7F337E682B3489680089ACAF /* 배열만들기6.swift */; };
		7F337E6B2B35D8B70089ACAF /* 특수문자출력하기.swift in Sources */ = {isa = PBXBuildFile; fileRef = 7F337E6A2B35D8B60089ACAF /* 특수문자출력하기.swift */; };
		7F337E6D2B371FF90089ACAF /* 수열과구간쿼리2.swift in Sources */ = {isa = PBXBuildFile; fileRef = 7F337E6C2B371FF80089ACAF /* 수열과구간쿼리2.swift */; };
		7F337E6F2B38739E0089ACAF /* 무작위로k개의수뽑기.swift in Sources */ = {isa = PBXBuildFile; fileRef = 7F337E6E2B38739E0089ACAF /* 무작위로k개의수뽑기.swift */; };
		7F337E712B39CF540089ACAF /* 정사각형으로만들기.swift in Sources */ = {isa = PBXBuildFile; fileRef = 7F337E702B39CF540089ACAF /* 정사각형으로만들기.swift */; };
		7F337E732B3B214C0089ACAF /* 배열조각하기.swift in Sources */ = {isa = PBXBuildFile; fileRef = 7F337E722B3B214C0089ACAF /* 배열조각하기.swift */; };
		7F337E752B3DC2050089ACAF /* 문자열출력하기.swift in Sources */ = {isa = PBXBuildFile; fileRef = 7F337E742B3DC2050089ACAF /* 문자열출력하기.swift */; };
		7F337E772B3F06F10089ACAF /* a와b출력하기.swift in Sources */ = {isa = PBXBuildFile; fileRef = 7F337E762B3F06F00089ACAF /* a와b출력하기.swift */; };
		7F337E792B3FD6890089ACAF /* 전국대회선발고사.swift in Sources */ = {isa = PBXBuildFile; fileRef = 7F337E782B3FD6890089ACAF /* 전국대회선발고사.swift */; };
		7F337E7B2B413CFB0089ACAF /* 문자열겹쳐쓰기.swift in Sources */ = {isa = PBXBuildFile; fileRef = 7F337E7A2B413CFB0089ACAF /* 문자열겹쳐쓰기.swift */; };
		7F337E7D2B42F01B0089ACAF /* 주사위게임3.swift in Sources */ = {isa = PBXBuildFile; fileRef = 7F337E7C2B42F01B0089ACAF /* 주사위게임3.swift */; };
		7F337E7F2B43BDC40089ACAF /* 정수를나선형으로배치하기.swift in Sources */ = {isa = PBXBuildFile; fileRef = 7F337E7E2B43BDC40089ACAF /* 정수를나선형으로배치하기.swift */; };
		7F337E812B465AB50089ACAF /* 대소문자 바꿔서 출력하기.swift in Sources */ = {isa = PBXBuildFile; fileRef = 7F337E802B465AB50089ACAF /* 대소문자 바꿔서 출력하기.swift */; };
		7F337EB42B47FB210089ACAF /* 가장많이받은선물.swift in Sources */ = {isa = PBXBuildFile; fileRef = 7F337EB32B47FB210089ACAF /* 가장많이받은선물.swift */; };
		7F416EC42B4D1D0100666E03 /* 도넛과 막대 그래프.swift in Sources */ = {isa = PBXBuildFile; fileRef = 7F416EC32B4D1D0100666E03 /* 도넛과 막대 그래프.swift */; };
		7FDE3E3B2B4E482A00575E70 /* 빛의 경로 사이클.swift in Sources */ = {isa = PBXBuildFile; fileRef = 7FDE3E3A2B4E482A00575E70 /* 빛의 경로 사이클.swift */; };
		7FDE3E6A2B5005E200575E70 /* 자릿수더하기.swift in Sources */ = {isa = PBXBuildFile; fileRef = 7FDE3E692B5005E200575E70 /* 자릿수더하기.swift */; };
		7FDE3E6C2B50EB4300575E70 /* 피보나치 수.swift in Sources */ = {isa = PBXBuildFile; fileRef = 7FDE3E6B2B50EB4300575E70 /* 피보나치 수.swift */; };
		7FDE3E6E2B50ED6800575E70 /* 성격유형 검사하기.swift in Sources */ = {isa = PBXBuildFile; fileRef = 7FDE3E6D2B50ED6800575E70 /* 성격유형 검사하기.swift */; };
		7FDE3E722B523E2F00575E70 /* 입출력1000.swift in Sources */ = {isa = PBXBuildFile; fileRef = 7FDE3E712B523E2F00575E70 /* 입출력1000.swift */; };
		7FDE3E742B52434B00575E70 /* 입출력2558.swift in Sources */ = {isa = PBXBuildFile; fileRef = 7FDE3E732B52434B00575E70 /* 입출력2558.swift */; };
		7FDE3E782B5274E900575E70 /* 입출력10950.swift in Sources */ = {isa = PBXBuildFile; fileRef = 7FDE3E772B5274E900575E70 /* 입출력10950.swift */; };
		7FE871372B5422A80053BE3F /* 입출력10951.swift in Sources */ = {isa = PBXBuildFile; fileRef = 7FE871362B5422A80053BE3F /* 입출력10951.swift */; };
		7FE8713D2B5556AE0053BE3F /* 입출력10952.swift in Sources */ = {isa = PBXBuildFile; fileRef = 7FE8713C2B5556AE0053BE3F /* 입출력10952.swift */; };
		7FE871442B569EC50053BE3F /* 입출력11021.swift in Sources */ = {isa = PBXBuildFile; fileRef = 7FE871432B569EC50053BE3F /* 입출력11021.swift */; };
		7FE871462B56A4B60053BE3F /* 입출력11022.swift in Sources */ = {isa = PBXBuildFile; fileRef = 7FE871452B56A4B60053BE3F /* 입출력11022.swift */; };
		7FE871512B57FA030053BE3F /* 완전탐색1476.swift in Sources */ = {isa = PBXBuildFile; fileRef = 7FE871502B57FA030053BE3F /* 완전탐색1476.swift */; };
		7FE8715D2B59584C0053BE3F /* 리모컨1107.swift in Sources */ = {isa = PBXBuildFile; fileRef = 7FE8715C2B59584C0053BE3F /* 리모컨1107.swift */; };
/* End PBXBuildFile section */

/* Begin PBXCopyFilesBuildPhase section */
		7F337E2E2B1C756F0089ACAF /* CopyFiles */ = {
			isa = PBXCopyFilesBuildPhase;
			buildActionMask = 2147483647;
			dstPath = /usr/share/man/man1/;
			dstSubfolderSpec = 0;
			files = (
			);
			runOnlyForDeploymentPostprocessing = 1;
		};
/* End PBXCopyFilesBuildPhase section */

/* Begin PBXFileReference section */
		7F337E302B1C756F0089ACAF /* algorithm */ = {isa = PBXFileReference; explicitFileType = "compiled.mach-o.executable"; includeInIndex = 0; path = algorithm; sourceTree = BUILT_PRODUCTS_DIR; };
		7F337E332B1C756F0089ACAF /* main.swift */ = {isa = PBXFileReference; lastKnownFileType = sourcecode.swift; path = main.swift; sourceTree = "<group>"; };
		7F337E432B1DB3020089ACAF /* n의배수.swift */ = {isa = PBXFileReference; lastKnownFileType = sourcecode.swift; path = "n의배수.swift"; sourceTree = "<group>"; };
		7F337E452B1DB71D0089ACAF /* flag에따라다른값반환하기.swift */ = {isa = PBXFileReference; lastKnownFileType = sourcecode.swift; path = "flag에따라다른값반환하기.swift"; sourceTree = "<group>"; };
		7F337E472B1F6C050089ACAF /* 공배수.swift */ = {isa = PBXFileReference; lastKnownFileType = sourcecode.swift; path = "공배수.swift"; sourceTree = "<group>"; };
		7F337E4A2B1F6E460089ACAF /* 마지막두원소.swift */ = {isa = PBXFileReference; lastKnownFileType = sourcecode.swift; path = "마지막두원소.swift"; sourceTree = "<group>"; };
		7F337E4C2B20C0E20089ACAF /* n번째원소까지.swift */ = {isa = PBXFileReference; lastKnownFileType = sourcecode.swift; path = "n번째원소까지.swift"; sourceTree = "<group>"; };
		7F337E4E2B21CDAD0089ACAF /* 배열만들기1.swift */ = {isa = PBXFileReference; lastKnownFileType = sourcecode.swift; path = "배열만들기1.swift"; sourceTree = "<group>"; };
		7F337E502B2364520089ACAF /* 문자열이몇번등장하는지세기.swift */ = {isa = PBXFileReference; lastKnownFileType = sourcecode.swift; path = "문자열이몇번등장하는지세기.swift"; sourceTree = "<group>"; };
		7F337E522B24B4750089ACAF /* 등차수열의특정한항만더하기.swift */ = {isa = PBXFileReference; lastKnownFileType = sourcecode.swift; path = "등차수열의특정한항만더하기.swift"; sourceTree = "<group>"; };
		7F337E542B25FB240089ACAF /* 특별한이차원배열1.swift */ = {isa = PBXFileReference; lastKnownFileType = sourcecode.swift; path = "특별한이차원배열1.swift"; sourceTree = "<group>"; };
		7F337E562B28AB460089ACAF /* 문자열반복해서출력하기.swift */ = {isa = PBXFileReference; lastKnownFileType = sourcecode.swift; path = "문자열반복해서출력하기.swift"; sourceTree = "<group>"; };
		7F337E582B29FB7F0089ACAF /* 수열과구간쿼리4.swift */ = {isa = PBXFileReference; lastKnownFileType = sourcecode.swift; path = "수열과구간쿼리4.swift"; sourceTree = "<group>"; };
		7F337E5A2B2B3ED40089ACAF /* 코드처리하기.swift */ = {isa = PBXFileReference; lastKnownFileType = sourcecode.swift; path = "코드처리하기.swift"; sourceTree = "<group>"; };
		7F337E5C2B2C8E250089ACAF /* qrcode.swift */ = {isa = PBXFileReference; lastKnownFileType = sourcecode.swift; path = qrcode.swift; sourceTree = "<group>"; };
		7F337E5E2B2DF15A0089ACAF /* 문자개수세기.swift */ = {isa = PBXFileReference; lastKnownFileType = sourcecode.swift; path = "문자개수세기.swift"; sourceTree = "<group>"; };
		7F337E602B2F41460089ACAF /* 배열만들기4.swift */ = {isa = PBXFileReference; lastKnownFileType = sourcecode.swift; path = "배열만들기4.swift"; sourceTree = "<group>"; };
		7F337E622B3093860089ACAF /* 조건문자열.swift */ = {isa = PBXFileReference; lastKnownFileType = sourcecode.swift; path = "조건문자열.swift"; sourceTree = "<group>"; };
		7F337E642B31E31E0089ACAF /* 배열만들기2.swift */ = {isa = PBXFileReference; lastKnownFileType = sourcecode.swift; path = "배열만들기2.swift"; sourceTree = "<group>"; };
		7F337E662B3330B60089ACAF /* 그림확대.swift */ = {isa = PBXFileReference; lastKnownFileType = sourcecode.swift; path = "그림확대.swift"; sourceTree = "<group>"; };
		7F337E682B3489680089ACAF /* 배열만들기6.swift */ = {isa = PBXFileReference; lastKnownFileType = sourcecode.swift; path = "배열만들기6.swift"; sourceTree = "<group>"; };
		7F337E6A2B35D8B60089ACAF /* 특수문자출력하기.swift */ = {isa = PBXFileReference; lastKnownFileType = sourcecode.swift; path = "특수문자출력하기.swift"; sourceTree = "<group>"; };
		7F337E6C2B371FF80089ACAF /* 수열과구간쿼리2.swift */ = {isa = PBXFileReference; lastKnownFileType = sourcecode.swift; path = "수열과구간쿼리2.swift"; sourceTree = "<group>"; };
		7F337E6E2B38739E0089ACAF /* 무작위로k개의수뽑기.swift */ = {isa = PBXFileReference; lastKnownFileType = sourcecode.swift; path = "무작위로k개의수뽑기.swift"; sourceTree = "<group>"; };
		7F337E702B39CF540089ACAF /* 정사각형으로만들기.swift */ = {isa = PBXFileReference; lastKnownFileType = sourcecode.swift; path = "정사각형으로만들기.swift"; sourceTree = "<group>"; };
		7F337E722B3B214C0089ACAF /* 배열조각하기.swift */ = {isa = PBXFileReference; lastKnownFileType = sourcecode.swift; path = "배열조각하기.swift"; sourceTree = "<group>"; };
		7F337E742B3DC2050089ACAF /* 문자열출력하기.swift */ = {isa = PBXFileReference; lastKnownFileType = sourcecode.swift; path = "문자열출력하기.swift"; sourceTree = "<group>"; };
		7F337E762B3F06F00089ACAF /* a와b출력하기.swift */ = {isa = PBXFileReference; lastKnownFileType = sourcecode.swift; path = "a와b출력하기.swift"; sourceTree = "<group>"; };
		7F337E782B3FD6890089ACAF /* 전국대회선발고사.swift */ = {isa = PBXFileReference; lastKnownFileType = sourcecode.swift; path = "전국대회선발고사.swift"; sourceTree = "<group>"; };
		7F337E7A2B413CFB0089ACAF /* 문자열겹쳐쓰기.swift */ = {isa = PBXFileReference; lastKnownFileType = sourcecode.swift; path = "문자열겹쳐쓰기.swift"; sourceTree = "<group>"; };
		7F337E7C2B42F01B0089ACAF /* 주사위게임3.swift */ = {isa = PBXFileReference; lastKnownFileType = sourcecode.swift; path = "주사위게임3.swift"; sourceTree = "<group>"; };
		7F337E7E2B43BDC40089ACAF /* 정수를나선형으로배치하기.swift */ = {isa = PBXFileReference; lastKnownFileType = sourcecode.swift; path = "정수를나선형으로배치하기.swift"; sourceTree = "<group>"; };
		7F337E802B465AB50089ACAF /* 대소문자 바꿔서 출력하기.swift */ = {isa = PBXFileReference; lastKnownFileType = sourcecode.swift; path = "대소문자 바꿔서 출력하기.swift"; sourceTree = "<group>"; };
		7F337EB32B47FB210089ACAF /* 가장많이받은선물.swift */ = {isa = PBXFileReference; lastKnownFileType = sourcecode.swift; path = "가장많이받은선물.swift"; sourceTree = "<group>"; };
		7F416EC32B4D1D0100666E03 /* 도넛과 막대 그래프.swift */ = {isa = PBXFileReference; lastKnownFileType = sourcecode.swift; path = "도넛과 막대 그래프.swift"; sourceTree = "<group>"; };
		7FDE3E3A2B4E482A00575E70 /* 빛의 경로 사이클.swift */ = {isa = PBXFileReference; lastKnownFileType = sourcecode.swift; path = "빛의 경로 사이클.swift"; sourceTree = "<group>"; };
		7FDE3E692B5005E200575E70 /* 자릿수더하기.swift */ = {isa = PBXFileReference; lastKnownFileType = sourcecode.swift; path = "자릿수더하기.swift"; sourceTree = "<group>"; };
		7FDE3E6B2B50EB4300575E70 /* 피보나치 수.swift */ = {isa = PBXFileReference; lastKnownFileType = sourcecode.swift; path = "피보나치 수.swift"; sourceTree = "<group>"; };
		7FDE3E6D2B50ED6800575E70 /* 성격유형 검사하기.swift */ = {isa = PBXFileReference; lastKnownFileType = sourcecode.swift; path = "성격유형 검사하기.swift"; sourceTree = "<group>"; };
		7FDE3E712B523E2F00575E70 /* 입출력1000.swift */ = {isa = PBXFileReference; lastKnownFileType = sourcecode.swift; path = "입출력1000.swift"; sourceTree = "<group>"; };
		7FDE3E732B52434B00575E70 /* 입출력2558.swift */ = {isa = PBXFileReference; lastKnownFileType = sourcecode.swift; path = "입출력2558.swift"; sourceTree = "<group>"; };
		7FDE3E772B5274E900575E70 /* 입출력10950.swift */ = {isa = PBXFileReference; lastKnownFileType = sourcecode.swift; path = "입출력10950.swift"; sourceTree = "<group>"; };
		7FE871362B5422A80053BE3F /* 입출력10951.swift */ = {isa = PBXFileReference; lastKnownFileType = sourcecode.swift; path = "입출력10951.swift"; sourceTree = "<group>"; };
		7FE8713C2B5556AE0053BE3F /* 입출력10952.swift */ = {isa = PBXFileReference; lastKnownFileType = sourcecode.swift; path = "입출력10952.swift"; sourceTree = "<group>"; };
		7FE871432B569EC50053BE3F /* 입출력11021.swift */ = {isa = PBXFileReference; lastKnownFileType = sourcecode.swift; path = "입출력11021.swift"; sourceTree = "<group>"; };
		7FE871452B56A4B60053BE3F /* 입출력11022.swift */ = {isa = PBXFileReference; lastKnownFileType = sourcecode.swift; path = "입출력11022.swift"; sourceTree = "<group>"; };
		7FE871502B57FA030053BE3F /* 완전탐색1476.swift */ = {isa = PBXFileReference; lastKnownFileType = sourcecode.swift; path = "완전탐색1476.swift"; sourceTree = "<group>"; };
		7FE8715C2B59584C0053BE3F /* 리모컨1107.swift */ = {isa = PBXFileReference; lastKnownFileType = sourcecode.swift; path = "리모컨1107.swift"; sourceTree = "<group>"; };
/* End PBXFileReference section */

/* Begin PBXFrameworksBuildPhase section */
		7F337E2D2B1C756F0089ACAF /* Frameworks */ = {
			isa = PBXFrameworksBuildPhase;
			buildActionMask = 2147483647;
			files = (
			);
			runOnlyForDeploymentPostprocessing = 0;
		};
/* End PBXFrameworksBuildPhase section */

/* Begin PBXGroup section */
		7F337E272B1C756F0089ACAF = {
			isa = PBXGroup;
			children = (
				7F337E322B1C756F0089ACAF /* algorithm */,
				7F337E312B1C756F0089ACAF /* Products */,
			);
			sourceTree = "<group>";
		};
		7F337E312B1C756F0089ACAF /* Products */ = {
			isa = PBXGroup;
			children = (
				7F337E302B1C756F0089ACAF /* algorithm */,
			);
			name = Products;
			sourceTree = "<group>";
		};
		7F337E322B1C756F0089ACAF /* algorithm */ = {
			isa = PBXGroup;
			children = (
				7F337E332B1C756F0089ACAF /* main.swift */,
				7F337E472B1F6C050089ACAF /* 공배수.swift */,
				7F337E432B1DB3020089ACAF /* n의배수.swift */,
				7F337E452B1DB71D0089ACAF /* flag에따라다른값반환하기.swift */,
				7F337E4A2B1F6E460089ACAF /* 마지막두원소.swift */,
				7FDE3E772B5274E900575E70 /* 입출력10950.swift */,
				7FE871362B5422A80053BE3F /* 입출력10951.swift */,
				7FE8713C2B5556AE0053BE3F /* 입출력10952.swift */,
				7FE871432B569EC50053BE3F /* 입출력11021.swift */,
				7F337E4C2B20C0E20089ACAF /* n번째원소까지.swift */,
				7F337E4E2B21CDAD0089ACAF /* 배열만들기1.swift */,
				7FE871452B56A4B60053BE3F /* 입출력11022.swift */,
				7FE871502B57FA030053BE3F /* 완전탐색1476.swift */,
				7FE8715C2B59584C0053BE3F /* 리모컨1107.swift */,
				7F337E502B2364520089ACAF /* 문자열이몇번등장하는지세기.swift */,
				7F337E522B24B4750089ACAF /* 등차수열의특정한항만더하기.swift */,
				7F337E542B25FB240089ACAF /* 특별한이차원배열1.swift */,
				7F337E562B28AB460089ACAF /* 문자열반복해서출력하기.swift */,
				7FDE3E692B5005E200575E70 /* 자릿수더하기.swift */,
				7FDE3E6B2B50EB4300575E70 /* 피보나치 수.swift */,
				7FDE3E6D2B50ED6800575E70 /* 성격유형 검사하기.swift */,
				7FDE3E712B523E2F00575E70 /* 입출력1000.swift */,
				7FDE3E732B52434B00575E70 /* 입출력2558.swift */,
				7F337E582B29FB7F0089ACAF /* 수열과구간쿼리4.swift */,
				7F337E5A2B2B3ED40089ACAF /* 코드처리하기.swift */,
				7F337E5C2B2C8E250089ACAF /* qrcode.swift */,
				7F337E5E2B2DF15A0089ACAF /* 문자개수세기.swift */,
				7F337E602B2F41460089ACAF /* 배열만들기4.swift */,
				7F337E622B3093860089ACAF /* 조건문자열.swift */,
				7F337E642B31E31E0089ACAF /* 배열만들기2.swift */,
				7F337E662B3330B60089ACAF /* 그림확대.swift */,
				7F337E682B3489680089ACAF /* 배열만들기6.swift */,
				7F337E6A2B35D8B60089ACAF /* 특수문자출력하기.swift */,
				7F337E6C2B371FF80089ACAF /* 수열과구간쿼리2.swift */,
				7F337E6E2B38739E0089ACAF /* 무작위로k개의수뽑기.swift */,
				7F337E702B39CF540089ACAF /* 정사각형으로만들기.swift */,
				7F337E722B3B214C0089ACAF /* 배열조각하기.swift */,
				7F337E742B3DC2050089ACAF /* 문자열출력하기.swift */,
				7F337E762B3F06F00089ACAF /* a와b출력하기.swift */,
				7F337E782B3FD6890089ACAF /* 전국대회선발고사.swift */,
				7F337E7A2B413CFB0089ACAF /* 문자열겹쳐쓰기.swift */,
				7F337E7C2B42F01B0089ACAF /* 주사위게임3.swift */,
				7F337E7E2B43BDC40089ACAF /* 정수를나선형으로배치하기.swift */,
				7F337E802B465AB50089ACAF /* 대소문자 바꿔서 출력하기.swift */,
				7F337EB32B47FB210089ACAF /* 가장많이받은선물.swift */,
				7F416EC32B4D1D0100666E03 /* 도넛과 막대 그래프.swift */,
				7FDE3E3A2B4E482A00575E70 /* 빛의 경로 사이클.swift */,
			);
			path = algorithm;
			sourceTree = "<group>";
		};
/* End PBXGroup section */

/* Begin PBXNativeTarget section */
		7F337E2F2B1C756F0089ACAF /* algorithm */ = {
			isa = PBXNativeTarget;
			buildConfigurationList = 7F337E372B1C756F0089ACAF /* Build configuration list for PBXNativeTarget "algorithm" */;
			buildPhases = (
				7F337E2C2B1C756F0089ACAF /* Sources */,
				7F337E2D2B1C756F0089ACAF /* Frameworks */,
				7F337E2E2B1C756F0089ACAF /* CopyFiles */,
			);
			buildRules = (
			);
			dependencies = (
			);
			name = algorithm;
			productName = algorithm;
			productReference = 7F337E302B1C756F0089ACAF /* algorithm */;
			productType = "com.apple.product-type.tool";
		};
/* End PBXNativeTarget section */

/* Begin PBXProject section */
		7F337E282B1C756F0089ACAF /* Project object */ = {
			isa = PBXProject;
			attributes = {
				BuildIndependentTargetsInParallel = 1;
				LastSwiftUpdateCheck = 1500;
				LastUpgradeCheck = 1500;
				TargetAttributes = {
					7F337E2F2B1C756F0089ACAF = {
						CreatedOnToolsVersion = 15.0.1;
					};
				};
			};
			buildConfigurationList = 7F337E2B2B1C756F0089ACAF /* Build configuration list for PBXProject "algorithm" */;
			compatibilityVersion = "Xcode 14.0";
			developmentRegion = en;
			hasScannedForEncodings = 0;
			knownRegions = (
				en,
				Base,
			);
			mainGroup = 7F337E272B1C756F0089ACAF;
			productRefGroup = 7F337E312B1C756F0089ACAF /* Products */;
			projectDirPath = "";
			projectRoot = "";
			targets = (
				7F337E2F2B1C756F0089ACAF /* algorithm */,
			);
		};
/* End PBXProject section */

/* Begin PBXSourcesBuildPhase section */
		7F337E2C2B1C756F0089ACAF /* Sources */ = {
			isa = PBXSourcesBuildPhase;
			buildActionMask = 2147483647;
			files = (
				7F337E552B25FB240089ACAF /* 특별한이차원배열1.swift in Sources */,
				7F337E7F2B43BDC40089ACAF /* 정수를나선형으로배치하기.swift in Sources */,
				7FE871372B5422A80053BE3F /* 입출력10951.swift in Sources */,
				7F337E342B1C756F0089ACAF /* main.swift in Sources */,
				7F337EB42B47FB210089ACAF /* 가장많이받은선물.swift in Sources */,
				7F337E482B1F6C050089ACAF /* 공배수.swift in Sources */,
				7FDE3E6E2B50ED6800575E70 /* 성격유형 검사하기.swift in Sources */,
				7F337E812B465AB50089ACAF /* 대소문자 바꿔서 출력하기.swift in Sources */,
				7F337E652B31E31E0089ACAF /* 배열만들기2.swift in Sources */,
				7F337E532B24B4750089ACAF /* 등차수열의특정한항만더하기.swift in Sources */,
				7FE8713D2B5556AE0053BE3F /* 입출력10952.swift in Sources */,
				7FDE3E3B2B4E482A00575E70 /* 빛의 경로 사이클.swift in Sources */,
				7FE871512B57FA030053BE3F /* 완전탐색1476.swift in Sources */,
				7F337E792B3FD6890089ACAF /* 전국대회선발고사.swift in Sources */,
				7FE8715D2B59584C0053BE3F /* 리모컨1107.swift in Sources */,
				7F337E712B39CF540089ACAF /* 정사각형으로만들기.swift in Sources */,
				7F337E632B3093860089ACAF /* 조건문자열.swift in Sources */,
				7F337E6D2B371FF90089ACAF /* 수열과구간쿼리2.swift in Sources */,
				7F337E732B3B214C0089ACAF /* 배열조각하기.swift in Sources */,
				7F337E442B1DB3020089ACAF /* n의배수.swift in Sources */,
				7FDE3E6C2B50EB4300575E70 /* 피보나치 수.swift in Sources */,
				7F337E4B2B1F6E460089ACAF /* 마지막두원소.swift in Sources */,
				7F337E512B2364520089ACAF /* 문자열이몇번등장하는지세기.swift in Sources */,
				7F337E4F2B21CDAD0089ACAF /* 배열만들기1.swift in Sources */,
				7F337E5B2B2B3ED40089ACAF /* 코드처리하기.swift in Sources */,
				7F337E612B2F41460089ACAF /* 배열만들기4.swift in Sources */,
				7F337E6B2B35D8B70089ACAF /* 특수문자출력하기.swift in Sources */,
				7F337E4D2B20C0E20089ACAF /* n번째원소까지.swift in Sources */,
				7F337E752B3DC2050089ACAF /* 문자열출력하기.swift in Sources */,
				7F337E7D2B42F01B0089ACAF /* 주사위게임3.swift in Sources */,
				7FDE3E782B5274E900575E70 /* 입출력10950.swift in Sources */,
				7F337E5F2B2DF15A0089ACAF /* 문자개수세기.swift in Sources */,
				7F337E462B1DB71D0089ACAF /* flag에따라다른값반환하기.swift in Sources */,
				7F337E5D2B2C8E250089ACAF /* qrcode.swift in Sources */,
				7F337E592B29FB7F0089ACAF /* 수열과구간쿼리4.swift in Sources */,
				7F337E772B3F06F10089ACAF /* a와b출력하기.swift in Sources */,
				7F337E572B28AB460089ACAF /* 문자열반복해서출력하기.swift in Sources */,
				7FE871462B56A4B60053BE3F /* 입출력11022.swift in Sources */,
				7FE871442B569EC50053BE3F /* 입출력11021.swift in Sources */,
				7FDE3E6A2B5005E200575E70 /* 자릿수더하기.swift in Sources */,
				7FDE3E742B52434B00575E70 /* 입출력2558.swift in Sources */,
				7F337E672B3330B60089ACAF /* 그림확대.swift in Sources */,
				7FDE3E722B523E2F00575E70 /* 입출력1000.swift in Sources */,
				7F337E692B3489680089ACAF /* 배열만들기6.swift in Sources */,
				7F337E7B2B413CFB0089ACAF /* 문자열겹쳐쓰기.swift in Sources */,
				7F416EC42B4D1D0100666E03 /* 도넛과 막대 그래프.swift in Sources */,
				7F337E6F2B38739E0089ACAF /* 무작위로k개의수뽑기.swift in Sources */,
			);
			runOnlyForDeploymentPostprocessing = 0;
		};
/* End PBXSourcesBuildPhase section */

/* Begin XCBuildConfiguration section */
		7F337E352B1C756F0089ACAF /* Debug */ = {
			isa = XCBuildConfiguration;
			buildSettings = {
				ALWAYS_SEARCH_USER_PATHS = NO;
				ASSETCATALOG_COMPILER_GENERATE_SWIFT_ASSET_SYMBOL_EXTENSIONS = YES;
				CLANG_ANALYZER_NONNULL = YES;
				CLANG_ANALYZER_NUMBER_OBJECT_CONVERSION = YES_AGGRESSIVE;
				CLANG_CXX_LANGUAGE_STANDARD = "gnu++20";
				CLANG_ENABLE_MODULES = YES;
				CLANG_ENABLE_OBJC_ARC = YES;
				CLANG_ENABLE_OBJC_WEAK = YES;
				CLANG_WARN_BLOCK_CAPTURE_AUTORELEASING = YES;
				CLANG_WARN_BOOL_CONVERSION = YES;
				CLANG_WARN_COMMA = YES;
				CLANG_WARN_CONSTANT_CONVERSION = YES;
				CLANG_WARN_DEPRECATED_OBJC_IMPLEMENTATIONS = YES;
				CLANG_WARN_DIRECT_OBJC_ISA_USAGE = YES_ERROR;
				CLANG_WARN_DOCUMENTATION_COMMENTS = YES;
				CLANG_WARN_EMPTY_BODY = YES;
				CLANG_WARN_ENUM_CONVERSION = YES;
				CLANG_WARN_INFINITE_RECURSION = YES;
				CLANG_WARN_INT_CONVERSION = YES;
				CLANG_WARN_NON_LITERAL_NULL_CONVERSION = YES;
				CLANG_WARN_OBJC_IMPLICIT_RETAIN_SELF = YES;
				CLANG_WARN_OBJC_LITERAL_CONVERSION = YES;
				CLANG_WARN_OBJC_ROOT_CLASS = YES_ERROR;
				CLANG_WARN_QUOTED_INCLUDE_IN_FRAMEWORK_HEADER = YES;
				CLANG_WARN_RANGE_LOOP_ANALYSIS = YES;
				CLANG_WARN_STRICT_PROTOTYPES = YES;
				CLANG_WARN_SUSPICIOUS_MOVE = YES;
				CLANG_WARN_UNGUARDED_AVAILABILITY = YES_AGGRESSIVE;
				CLANG_WARN_UNREACHABLE_CODE = YES;
				CLANG_WARN__DUPLICATE_METHOD_MATCH = YES;
				COPY_PHASE_STRIP = NO;
				DEBUG_INFORMATION_FORMAT = dwarf;
				ENABLE_STRICT_OBJC_MSGSEND = YES;
				ENABLE_TESTABILITY = YES;
				ENABLE_USER_SCRIPT_SANDBOXING = YES;
				GCC_C_LANGUAGE_STANDARD = gnu17;
				GCC_DYNAMIC_NO_PIC = NO;
				GCC_NO_COMMON_BLOCKS = YES;
				GCC_OPTIMIZATION_LEVEL = 0;
				GCC_PREPROCESSOR_DEFINITIONS = (
					"DEBUG=1",
					"$(inherited)",
				);
				GCC_WARN_64_TO_32_BIT_CONVERSION = YES;
				GCC_WARN_ABOUT_RETURN_TYPE = YES_ERROR;
				GCC_WARN_UNDECLARED_SELECTOR = YES;
				GCC_WARN_UNINITIALIZED_AUTOS = YES_AGGRESSIVE;
				GCC_WARN_UNUSED_FUNCTION = YES;
				GCC_WARN_UNUSED_VARIABLE = YES;
				LOCALIZATION_PREFERS_STRING_CATALOGS = YES;
				MACOSX_DEPLOYMENT_TARGET = 14.0;
				MTL_ENABLE_DEBUG_INFO = INCLUDE_SOURCE;
				MTL_FAST_MATH = YES;
				ONLY_ACTIVE_ARCH = YES;
				SDKROOT = macosx;
				SWIFT_ACTIVE_COMPILATION_CONDITIONS = "DEBUG $(inherited)";
				SWIFT_OPTIMIZATION_LEVEL = "-Onone";
			};
			name = Debug;
		};
		7F337E362B1C756F0089ACAF /* Release */ = {
			isa = XCBuildConfiguration;
			buildSettings = {
				ALWAYS_SEARCH_USER_PATHS = NO;
				ASSETCATALOG_COMPILER_GENERATE_SWIFT_ASSET_SYMBOL_EXTENSIONS = YES;
				CLANG_ANALYZER_NONNULL = YES;
				CLANG_ANALYZER_NUMBER_OBJECT_CONVERSION = YES_AGGRESSIVE;
				CLANG_CXX_LANGUAGE_STANDARD = "gnu++20";
				CLANG_ENABLE_MODULES = YES;
				CLANG_ENABLE_OBJC_ARC = YES;
				CLANG_ENABLE_OBJC_WEAK = YES;
				CLANG_WARN_BLOCK_CAPTURE_AUTORELEASING = YES;
				CLANG_WARN_BOOL_CONVERSION = YES;
				CLANG_WARN_COMMA = YES;
				CLANG_WARN_CONSTANT_CONVERSION = YES;
				CLANG_WARN_DEPRECATED_OBJC_IMPLEMENTATIONS = YES;
				CLANG_WARN_DIRECT_OBJC_ISA_USAGE = YES_ERROR;
				CLANG_WARN_DOCUMENTATION_COMMENTS = YES;
				CLANG_WARN_EMPTY_BODY = YES;
				CLANG_WARN_ENUM_CONVERSION = YES;
				CLANG_WARN_INFINITE_RECURSION = YES;
				CLANG_WARN_INT_CONVERSION = YES;
				CLANG_WARN_NON_LITERAL_NULL_CONVERSION = YES;
				CLANG_WARN_OBJC_IMPLICIT_RETAIN_SELF = YES;
				CLANG_WARN_OBJC_LITERAL_CONVERSION = YES;
				CLANG_WARN_OBJC_ROOT_CLASS = YES_ERROR;
				CLANG_WARN_QUOTED_INCLUDE_IN_FRAMEWORK_HEADER = YES;
				CLANG_WARN_RANGE_LOOP_ANALYSIS = YES;
				CLANG_WARN_STRICT_PROTOTYPES = YES;
				CLANG_WARN_SUSPICIOUS_MOVE = YES;
				CLANG_WARN_UNGUARDED_AVAILABILITY = YES_AGGRESSIVE;
				CLANG_WARN_UNREACHABLE_CODE = YES;
				CLANG_WARN__DUPLICATE_METHOD_MATCH = YES;
				COPY_PHASE_STRIP = NO;
				DEBUG_INFORMATION_FORMAT = "dwarf-with-dsym";
				ENABLE_NS_ASSERTIONS = NO;
				ENABLE_STRICT_OBJC_MSGSEND = YES;
				ENABLE_USER_SCRIPT_SANDBOXING = YES;
				GCC_C_LANGUAGE_STANDARD = gnu17;
				GCC_NO_COMMON_BLOCKS = YES;
				GCC_WARN_64_TO_32_BIT_CONVERSION = YES;
				GCC_WARN_ABOUT_RETURN_TYPE = YES_ERROR;
				GCC_WARN_UNDECLARED_SELECTOR = YES;
				GCC_WARN_UNINITIALIZED_AUTOS = YES_AGGRESSIVE;
				GCC_WARN_UNUSED_FUNCTION = YES;
				GCC_WARN_UNUSED_VARIABLE = YES;
				LOCALIZATION_PREFERS_STRING_CATALOGS = YES;
				MACOSX_DEPLOYMENT_TARGET = 14.0;
				MTL_ENABLE_DEBUG_INFO = NO;
				MTL_FAST_MATH = YES;
				SDKROOT = macosx;
				SWIFT_COMPILATION_MODE = wholemodule;
			};
			name = Release;
		};
		7F337E382B1C756F0089ACAF /* Debug */ = {
			isa = XCBuildConfiguration;
			buildSettings = {
				CODE_SIGN_STYLE = Automatic;
				DEVELOPMENT_TEAM = TU8YV9MV8Q;
				ENABLE_HARDENED_RUNTIME = YES;
				PRODUCT_NAME = "$(TARGET_NAME)";
				SWIFT_VERSION = 5.0;
			};
			name = Debug;
		};
		7F337E392B1C756F0089ACAF /* Release */ = {
			isa = XCBuildConfiguration;
			buildSettings = {
				CODE_SIGN_STYLE = Automatic;
				DEVELOPMENT_TEAM = TU8YV9MV8Q;
				ENABLE_HARDENED_RUNTIME = YES;
				PRODUCT_NAME = "$(TARGET_NAME)";
				SWIFT_VERSION = 5.0;
			};
			name = Release;
		};
/* End XCBuildConfiguration section */

/* Begin XCConfigurationList section */
		7F337E2B2B1C756F0089ACAF /* Build configuration list for PBXProject "algorithm" */ = {
			isa = XCConfigurationList;
			buildConfigurations = (
				7F337E352B1C756F0089ACAF /* Debug */,
				7F337E362B1C756F0089ACAF /* Release */,
			);
			defaultConfigurationIsVisible = 0;
			defaultConfigurationName = Release;
		};
		7F337E372B1C756F0089ACAF /* Build configuration list for PBXNativeTarget "algorithm" */ = {
			isa = XCConfigurationList;
			buildConfigurations = (
				7F337E382B1C756F0089ACAF /* Debug */,
				7F337E392B1C756F0089ACAF /* Release */,
			);
			defaultConfigurationIsVisible = 0;
			defaultConfigurationName = Release;
		};
/* End XCConfigurationList section */
	};
	rootObject = 7F337E282B1C756F0089ACAF /* Project object */;
}
